
Microsoft Visual Studio Solution File, Format Version 12.00
# Visual Studio 2013
VisualStudioVersion = 12.0.21005.1
MinimumVisualStudioVersion = 10.0.40219.1
Project("{FAE04EC0-301F-11D3-BF4B-00C04F79EFBC}") = "Calculator", "Calculator\Calculator.csproj", "{7DB97A22-042B-4561-927F-443F9F90F2D8}"
EndProject
Project("{6141683F-8A12-4E36-9623-2EB02B2C2303}") = "Setup", "Setup\Setup.isproj", "{7583DAA5-67DC-4D0F-8280-7F5177685223}"
EndProject
Global
	GlobalSection(SolutionConfigurationPlatforms) = preSolution
		CD_ROM|Any CPU = CD_ROM|Any CPU
		Debug|Any CPU = Debug|Any CPU
		DVD-5|Any CPU = DVD-5|Any CPU
		Release|Any CPU = Release|Any CPU
		SingleImage|Any CPU = SingleImage|Any CPU
	EndGlobalSection
	GlobalSection(ProjectConfigurationPlatforms) = postSolution
		{7DB97A22-042B-4561-927F-443F9F90F2D8}.CD_ROM|Any CPU.ActiveCfg = Release|Any CPU
		{7DB97A22-042B-4561-927F-443F9F90F2D8}.CD_ROM|Any CPU.Build.0 = Release|Any CPU
		{7DB97A22-042B-4561-927F-443F9F90F2D8}.Debug|Any CPU.ActiveCfg = Debug|Any CPU
		{7DB97A22-042B-4561-927F-443F9F90F2D8}.Debug|Any CPU.Build.0 = Debug|Any CPU
		{7DB97A22-042B-4561-927F-443F9F90F2D8}.DVD-5|Any CPU.ActiveCfg = Debug|Any CPU
		{7DB97A22-042B-4561-927F-443F9F90F2D8}.DVD-5|Any CPU.Build.0 = Debug|Any CPU
		{7DB97A22-042B-4561-927F-443F9F90F2D8}.Release|Any CPU.ActiveCfg = Release|Any CPU
		{7DB97A22-042B-4561-927F-443F9F90F2D8}.Release|Any CPU.Build.0 = Release|Any CPU
		{7DB97A22-042B-4561-927F-443F9F90F2D8}.SingleImage|Any CPU.ActiveCfg = Release|Any CPU
		{7DB97A22-042B-4561-927F-443F9F90F2D8}.SingleImage|Any CPU.Build.0 = Release|Any CPU
		{7583DAA5-67DC-4D0F-8280-7F5177685223}.CD_ROM|Any CPU.ActiveCfg = CD_ROM
		{7583DAA5-67DC-4D0F-8280-7F5177685223}.CD_ROM|Any CPU.Build.0 = CD_ROM
		{7583DAA5-67DC-4D0F-8280-7F5177685223}.Debug|Any CPU.ActiveCfg = DVD-5
		{7583DAA5-67DC-4D0F-8280-7F5177685223}.Debug|Any CPU.Build.0 = DVD-5
		{7583DAA5-67DC-4D0F-8280-7F5177685223}.DVD-5|Any CPU.ActiveCfg = DVD-5
		{7583DAA5-67DC-4D0F-8280-7F5177685223}.DVD-5|Any CPU.Build.0 = DVD-5
		{7583DAA5-67DC-4D0F-8280-7F5177685223}.Release|Any CPU.ActiveCfg = SingleImage
		{7583DAA5-67DC-4D0F-8280-7F5177685223}.Release|Any CPU.Build.0 = SingleImage
		{7583DAA5-67DC-4D0F-8280-7F5177685223}.SingleImage|Any CPU.ActiveCfg = SingleImage
		{7583DAA5-67DC-4D0F-8280-7F5177685223}.SingleImage|Any CPU.Build.0 = SingleImage
	EndGlobalSection
	GlobalSection(SolutionProperties) = preSolution
		HideSolutionNode = FALSE
	EndGlobalSection
EndGlobal
